{
    "version": "0.5",
    "requires": [
        "spdlog/1.12.0#0e390a2f5c3e96671d0857bc734e4731%1693277101.493",
        "secp256k1/0.18.0#c2e7e05855c71cb8f4e350a7aa10bfa9%1698921631.178",
        "gmp/6.3.0#df20ffb6d21c34d67704305bcd1dea9e%1698225617.026",
        "fmt/10.1.1#cd63809a79574a2f9eb73ca35f16a243%1693230699.985",
        "expected-lite/0.6.3#262026767cf9d5ab1fdccb25c9bdbac2%1692807329.641",
        "ctre/3.8#b20dc94ec71df126170a4be9ca5e9486%1691461344.415",
        "boost/1.83.0#7825569cd0622461dec7bc87dfdf47ae%1699112266.217"
    ],
    "build_requires": [
        "nodejs/16.3.0#fbb644235845086644bebd53e452595b%1693183693.992",
        "m4/1.4.19#adbdd7fb7db33e609425c797196baccb%1697449900.379",
        "emsdk/3.1.44#a6d941a26a1c416d25e3505805703a58%1691145317.971"
    ],
    "python_requires": []
}